{
  "nodes": {
    "nixpkgs": {
      "locked": {
        "lastModified": 1788179007,
        "narHash": "sha256-hn1oU2rue2SYK8dAr8+WNZWtbsz1S2W5mnHlSEuh3bo=",
        "owner": "NixOS",
        "repo": "nixpkgs",
        "rev": "34ab99075ac4f7e40cf037eef32cb1c360bb85e9",
        "type": "github"
      },
      "original": {
        "owner": "NixOS",
        "ref": "nixos-unstable",
        "repo": "nixpkgs",
        "type": "github"
      }
    },
    "root": {
      "inputs": {
        "nixpkgs": "nixpkgs",
        "sleepy-sdk": "sleepy-sdk"
      }
    },
    "sleepy-sdk": {
      "flake": false,
      "locked": {
        "lastModified": 1789413761,
        "narHash": "sha256-aizZhsyiP6xuf2B5c5uzHeG6T01tm5kH4gfl6rsHYQc=",
        "owner": "sleepylinux",
        "repo": "sleepy-sdk",
        "rev": "dff28bb596950d862ae5d219e478460dfa13e8f4",
        "type": "github"
      },
      "original": {
        "owner": "sleepylinux",
        "repo": "sleepy-sdk",
        "rev": "dff28bb596950d862ae5d219e478460dfa13e8f4",
        "type": "github"
      }
    }
  },
  "root": "root",
  "version": 7
}
