{
  "nodes": {
    "nixpkgs": {
      "locked": {
        "lastModified": 1788179007,
        "narHash": "sha256-hn1oU2rue2SYK8dAr8+WNZWtbsz1S2W5mnHlSEuh3bo=",
        "owner": "NixOS",
        "repo": "nixpkgs",
        "rev": "34ab99075ac4f7e40cf037eef32cb1c360bb85e9",
        "type": "github"
      },
      "original": {
        "owner": "NixOS",
        "ref": "nixos-unstable",
        "repo": "nixpkgs",
        "type": "github"
      }
    },
    "root": {
      "inputs": {
        "nixpkgs": "nixpkgs",
        "sleepy-sdk": "sleepy-sdk"
      }
    },
    "sleepy-sdk": {
      "flake": false,
      "locked": {
        "lastModified": 1788552947,
        "narHash": "sha256-kzgUJdFdh/DLRR+cCbV/PCqMn/KOhF96L6+PjC2Qsl0=",
        "owner": "sleepylinux",
        "repo": "sleepy-sdk",
        "rev": "1ee5b424887eb6f7acfe3b931b37a2c610ff6498",
        "type": "github"
      },
      "original": {
        "owner": "sleepylinux",
        "repo": "sleepy-sdk",
        "rev": "1ee5b424887eb6f7acfe3b931b37a2c610ff6498",
        "type": "github"
      }
    }
  },
  "root": "root",
  "version": 7
}
